{
  "_meta": {
    "hash": {
      "sha256": "996d04ca33319e839e67ae9a70d28ca7cb719922e4402082973fa03cac23e0a2"
    },
    "pipfile-spec": 6,
    "requires": {
      "python_version": "3.12"
    },
    "sources": [
      {
        "name": "pypi",
        "url": "https://pypi.org/simple",
        "verify_ssl": true
      }
    ]
  },
  "default": {
    "asgiref": {
      "hashes": [
        "sha256:89b2ef2247e3b562a16eef663bc0e2e703ec6468e2fa8a5cd61cd449786d4f6e",
        "sha256:9e0ce3aa93a819ba5b45120216b23878cf6e8525eb3848653452b4192b92afed"
      ],
      "markers": "python_version >= '3.7'",
      "version": "==3.7.2"
    },
    "django": {
      "hashes": [
        "sha256:8c8659665bc6e3a44fefe1ab0a291e5a3fb3979f9a8230be29de975e57e8f854",
        "sha256:f47a37a90b9bbe2c8ec360235192c7fddfdc832206fcf618bb849b39256affc1"
      ],
      "index": "pypi",
      "markers": "python_version >= '3.10'",
      "version": "==5.0.1"
    },
    "django-stubs": {
      "hashes": [
        "sha256:4cf4de258fa71adc6f2799e983091b9d46cfc67c6eebc68fe111218c9a62b3b8",
        "sha256:8ccd2ff4ee5adf22b9e3b7b1a516d2e1c2191e9d94e672c35cc2bc3dd61e0f6b"
      ],
      "index": "pypi",
      "markers": "python_version >= '3.8'",
      "version": "==4.2.7"
    },
    "django-stubs-ext": {
      "hashes": [
        "sha256:45a5d102417a412e3606e3c358adb4744988a92b7b58ccf3fd64bddd5d04d14c",
        "sha256:519342ac0849cda1559746c9a563f03ff99f636b0ebe7c14b75e816a00dfddc3"
      ],
      "markers": "python_version >= '3.8'",
      "version": "==4.2.7"
    },
    "sqlparse": {
      "hashes": [
        "sha256:5430a4fe2ac7d0f93e66f1efc6e1338a41884b7ddf2a350cedd20ccc4d9d28f3",
        "sha256:d446183e84b8349fa3061f0fe7f06ca94ba65b426946ffebe6e3e8295332420c"
      ],
      "markers": "python_version >= '3.5'",
      "version": "==0.4.4"
    },
    "types-pytz": {
      "hashes": [
        "sha256:1999a123a3dc0e39a2ef6d19f3f8584211de9e6a77fe7a0259f04a524e90a5cf",
        "sha256:cc23d0192cd49c8f6bba44ee0c81e4586a8f30204970fc0894d209a6b08dab9a"
      ],
      "version": "==2023.3.1.1"
    },
    "types-pyyaml": {
      "hashes": [
        "sha256:334373d392fde0fdf95af5c3f1661885fa10c52167b14593eb856289e1855062",
        "sha256:c05bc6c158facb0676674b7f11fe3960db4f389718e19e62bd2b84d6205cfd24"
      ],
      "version": "==6.0.12.12"
    },
    "typing-extensions": {
      "hashes": [
        "sha256:23478f88c37f27d76ac8aee6c905017a143b0b1b886c3c9f66bc2fd94f9f5783",
        "sha256:af72aea155e91adfc61c3ae9e0e342dbc0cba726d6cba4b6c72c1f34e47291cd"
      ],
      "markers": "python_version >= '3.8'",
      "version": "==4.9.0"
    }
  },
  "develop": {}
}
